// !$*UTF8*$!
{
	archiveVersion = 1;
	classes = {
	};
	objectVersion = 52;
	objects = {

/* Begin PBXBuildFile section */
		2B386013265B17AC007D70A5 /* TinyHooks in Frameworks */ = {isa = PBXBuildFile; productRef = 2B386012265B17AC007D70A5 /* TinyHooks */; };
		2B521FC3265A50B200A5159C /* CounterApp.swift in Sources */ = {isa = PBXBuildFile; fileRef = 2B521FC2265A50B200A5159C /* CounterApp.swift */; };
		2B521FC5265A50B200A5159C /* ContentView.swift in Sources */ = {isa = PBXBuildFile; fileRef = 2B521FC4265A50B200A5159C /* ContentView.swift */; };
		2B521FC7265A50B200A5159C /* Assets.xcassets in Resources */ = {isa = PBXBuildFile; fileRef = 2B521FC6265A50B200A5159C /* Assets.xcassets */; };
		2B521FCA265A50B200A5159C /* Preview Assets.xcassets in Resources */ = {isa = PBXBuildFile; fileRef = 2B521FC9265A50B200A5159C /* Preview Assets.xcassets */; };
		2B521FD5265A50B200A5159C /* CounterTests.swift in Sources */ = {isa = PBXBuildFile; fileRef = 2B521FD4265A50B200A5159C /* CounterTests.swift */; };
		2B521FE0265A50B200A5159C /* CounterUITests.swift in Sources */ = {isa = PBXBuildFile; fileRef = 2B521FDF265A50B200A5159C /* CounterUITests.swift */; };
/* End PBXBuildFile section */

/* Begin PBXContainerItemProxy section */
		2B521FD1265A50B200A5159C /* PBXContainerItemProxy */ = {
			isa = PBXContainerItemProxy;
			containerPortal = 2B521FB7265A50B200A5159C /* Project object */;
			proxyType = 1;
			remoteGlobalIDString = 2B521FBE265A50B200A5159C;
			remoteInfo = Counter;
		};
		2B521FDC265A50B200A5159C /* PBXContainerItemProxy */ = {
			isa = PBXContainerItemProxy;
			containerPortal = 2B521FB7265A50B200A5159C /* Project object */;
			proxyType = 1;
			remoteGlobalIDString = 2B521FBE265A50B200A5159C;
			remoteInfo = Counter;
		};
/* End PBXContainerItemProxy section */

/* Begin PBXFileReference section */
		2B521FBF265A50B200A5159C /* Counter.app */ = {isa = PBXFileReference; explicitFileType = wrapper.application; includeInIndex = 0; path = Counter.app; sourceTree = BUILT_PRODUCTS_DIR; };
		2B521FC2265A50B200A5159C /* CounterApp.swift */ = {isa = PBXFileReference; lastKnownFileType = sourcecode.swift; path = CounterApp.swift; sourceTree = "<group>"; };
		2B521FC4265A50B200A5159C /* ContentView.swift */ = {isa = PBXFileReference; lastKnownFileType = sourcecode.swift; path = ContentView.swift; sourceTree = "<group>"; };
		2B521FC6265A50B200A5159C /* Assets.xcassets */ = {isa = PBXFileReference; lastKnownFileType = folder.assetcatalog; path = Assets.xcassets; sourceTree = "<group>"; };
		2B521FC9265A50B200A5159C /* Preview Assets.xcassets */ = {isa = PBXFileReference; lastKnownFileType = folder.assetcatalog; path = "Preview Assets.xcassets"; sourceTree = "<group>"; };
		2B521FCB265A50B200A5159C /* Info.plist */ = {isa = PBXFileReference; lastKnownFileType = text.plist.xml; path = Info.plist; sourceTree = "<group>"; };
		2B521FD0265A50B200A5159C /* CounterTests.xctest */ = {isa = PBXFileReference; explicitFileType = wrapper.cfbundle; includeInIndex = 0; path = CounterTests.xctest; sourceTree = BUILT_PRODUCTS_DIR; };
		2B521FD4265A50B200A5159C /* CounterTests.swift */ = {isa = PBXFileReference; lastKnownFileType = sourcecode.swift; path = CounterTests.swift; sourceTree = "<group>"; };
		2B521FD6265A50B200A5159C /* Info.plist */ = {isa = PBXFileReference; lastKnownFileType = text.plist.xml; path = Info.plist; sourceTree = "<group>"; };
		2B521FDB265A50B200A5159C /* CounterUITests.xctest */ = {isa = PBXFileReference; explicitFileType = wrapper.cfbundle; includeInIndex = 0; path = CounterUITests.xctest; sourceTree = BUILT_PRODUCTS_DIR; };
		2B521FDF265A50B200A5159C /* CounterUITests.swift */ = {isa = PBXFileReference; lastKnownFileType = sourcecode.swift; path = CounterUITests.swift; sourceTree = "<group>"; };
		2B521FE1265A50B200A5159C /* Info.plist */ = {isa = PBXFileReference; lastKnownFileType = text.plist.xml; path = Info.plist; sourceTree = "<group>"; };
/* End PBXFileReference section */

/* Begin PBXFrameworksBuildPhase section */
		2B521FBC265A50B200A5159C /* Frameworks */ = {
			isa = PBXFrameworksBuildPhase;
			buildActionMask = 2147483647;
			files = (
				2B386013265B17AC007D70A5 /* TinyHooks in Frameworks */,
			);
			runOnlyForDeploymentPostprocessing = 0;
		};
		2B521FCD265A50B200A5159C /* Frameworks */ = {
			isa = PBXFrameworksBuildPhase;
			buildActionMask = 2147483647;
			files = (
			);
			runOnlyForDeploymentPostprocessing = 0;
		};
		2B521FD8265A50B200A5159C /* Frameworks */ = {
			isa = PBXFrameworksBuildPhase;
			buildActionMask = 2147483647;
			files = (
			);
			runOnlyForDeploymentPostprocessing = 0;
		};
/* End PBXFrameworksBuildPhase section */

/* Begin PBXGroup section */
		2B38600F265A7728007D70A5 /* Frameworks */ = {
			isa = PBXGroup;
			children = (
			);
			name = Frameworks;
			sourceTree = "<group>";
		};
		2B521FB6265A50B200A5159C = {
			isa = PBXGroup;
			children = (
				2B521FC1265A50B200A5159C /* Counter */,
				2B521FD3265A50B200A5159C /* CounterTests */,
				2B521FDE265A50B200A5159C /* CounterUITests */,
				2B521FC0265A50B200A5159C /* Products */,
				2B38600F265A7728007D70A5 /* Frameworks */,
			);
			sourceTree = "<group>";
		};
		2B521FC0265A50B200A5159C /* Products */ = {
			isa = PBXGroup;
			children = (
				2B521FBF265A50B200A5159C /* Counter.app */,
				2B521FD0265A50B200A5159C /* CounterTests.xctest */,
				2B521FDB265A50B200A5159C /* CounterUITests.xctest */,
			);
			name = Products;
			sourceTree = "<group>";
		};
		2B521FC1265A50B200A5159C /* Counter */ = {
			isa = PBXGroup;
			children = (
				2B521FC2265A50B200A5159C /* CounterApp.swift */,
				2B521FC4265A50B200A5159C /* ContentView.swift */,
				2B521FC6265A50B200A5159C /* Assets.xcassets */,
				2B521FCB265A50B200A5159C /* Info.plist */,
				2B521FC8265A50B200A5159C /* Preview Content */,
			);
			path = Counter;
			sourceTree = "<group>";
		};
		2B521FC8265A50B200A5159C /* Preview Content */ = {
			isa = PBXGroup;
			children = (
				2B521FC9265A50B200A5159C /* Preview Assets.xcassets */,
			);
			path = "Preview Content";
			sourceTree = "<group>";
		};
		2B521FD3265A50B200A5159C /* CounterTests */ = {
			isa = PBXGroup;
			children = (
				2B521FD4265A50B200A5159C /* CounterTests.swift */,
				2B521FD6265A50B200A5159C /* Info.plist */,
			);
			path = CounterTests;
			sourceTree = "<group>";
		};
		2B521FDE265A50B200A5159C /* CounterUITests */ = {
			isa = PBXGroup;
			children = (
				2B521FDF265A50B200A5159C /* CounterUITests.swift */,
				2B521FE1265A50B200A5159C /* Info.plist */,
			);
			path = CounterUITests;
			sourceTree = "<group>";
		};
/* End PBXGroup section */

/* Begin PBXNativeTarget section */
		2B521FBE265A50B200A5159C /* Counter */ = {
			isa = PBXNativeTarget;
			buildConfigurationList = 2B521FE4265A50B200A5159C /* Build configuration list for PBXNativeTarget "Counter" */;
			buildPhases = (
				2B521FBB265A50B200A5159C /* Sources */,
				2B521FBC265A50B200A5159C /* Frameworks */,
				2B521FBD265A50B200A5159C /* Resources */,
			);
			buildRules = (
			);
			dependencies = (
			);
			name = Counter;
			packageProductDependencies = (
				2B386012265B17AC007D70A5 /* TinyHooks */,
			);
			productName = Counter;
			productReference = 2B521FBF265A50B200A5159C /* Counter.app */;
			productType = "com.apple.product-type.application";
		};
		2B521FCF265A50B200A5159C /* CounterTests */ = {
			isa = PBXNativeTarget;
			buildConfigurationList = 2B521FE7265A50B200A5159C /* Build configuration list for PBXNativeTarget "CounterTests" */;
			buildPhases = (
				2B521FCC265A50B200A5159C /* Sources */,
				2B521FCD265A50B200A5159C /* Frameworks */,
				2B521FCE265A50B200A5159C /* Resources */,
			);
			buildRules = (
			);
			dependencies = (
				2B521FD2265A50B200A5159C /* PBXTargetDependency */,
			);
			name = CounterTests;
			productName = CounterTests;
			productReference = 2B521FD0265A50B200A5159C /* CounterTests.xctest */;
			productType = "com.apple.product-type.bundle.unit-test";
		};
		2B521FDA265A50B200A5159C /* CounterUITests */ = {
			isa = PBXNativeTarget;
			buildConfigurationList = 2B521FEA265A50B200A5159C /* Build configuration list for PBXNativeTarget "CounterUITests" */;
			buildPhases = (
				2B521FD7265A50B200A5159C /* Sources */,
				2B521FD8265A50B200A5159C /* Frameworks */,
				2B521FD9265A50B200A5159C /* Resources */,
			);
			buildRules = (
			);
			dependencies = (
				2B521FDD265A50B200A5159C /* PBXTargetDependency */,
			);
			name = CounterUITests;
			productName = CounterUITests;
			productReference = 2B521FDB265A50B200A5159C /* CounterUITests.xctest */;
			productType = "com.apple.product-type.bundle.ui-testing";
		};
/* End PBXNativeTarget section */

/* Begin PBXProject section */
		2B521FB7265A50B200A5159C /* Project object */ = {
			isa = PBXProject;
			attributes = {
				LastSwiftUpdateCheck = 1250;
				LastUpgradeCheck = 1250;
				TargetAttributes = {
					2B521FBE265A50B200A5159C = {
						CreatedOnToolsVersion = 12.5;
					};
					2B521FCF265A50B200A5159C = {
						CreatedOnToolsVersion = 12.5;
						TestTargetID = 2B521FBE265A50B200A5159C;
					};
					2B521FDA265A50B200A5159C = {
						CreatedOnToolsVersion = 12.5;
						TestTargetID = 2B521FBE265A50B200A5159C;
					};
				};
			};
			buildConfigurationList = 2B521FBA265A50B200A5159C /* Build configuration list for PBXProject "Counter" */;
			compatibilityVersion = "Xcode 9.3";
			developmentRegion = en;
			hasScannedForEncodings = 0;
			knownRegions = (
				en,
				Base,
			);
			mainGroup = 2B521FB6265A50B200A5159C;
			productRefGroup = 2B521FC0265A50B200A5159C /* Products */;
			projectDirPath = "";
			projectRoot = "";
			targets = (
				2B521FBE265A50B200A5159C /* Counter */,
				2B521FCF265A50B200A5159C /* CounterTests */,
				2B521FDA265A50B200A5159C /* CounterUITests */,
			);
		};
/* End PBXProject section */

/* Begin PBXResourcesBuildPhase section */
		2B521FBD265A50B200A5159C /* Resources */ = {
			isa = PBXResourcesBuildPhase;
			buildActionMask = 2147483647;
			files = (
				2B521FCA265A50B200A5159C /* Preview Assets.xcassets in Resources */,
				2B521FC7265A50B200A5159C /* Assets.xcassets in Resources */,
			);
			runOnlyForDeploymentPostprocessing = 0;
		};
		2B521FCE265A50B200A5159C /* Resources */ = {
			isa = PBXResourcesBuildPhase;
			buildActionMask = 2147483647;
			files = (
			);
			runOnlyForDeploymentPostprocessing = 0;
		};
		2B521FD9265A50B200A5159C /* Resources */ = {
			isa = PBXResourcesBuildPhase;
			buildActionMask = 2147483647;
			files = (
			);
			runOnlyForDeploymentPostprocessing = 0;
		};
/* End PBXResourcesBuildPhase section */

/* Begin PBXSourcesBuildPhase section */
		2B521FBB265A50B200A5159C /* Sources */ = {
			isa = PBXSourcesBuildPhase;
			buildActionMask = 2147483647;
			files = (
				2B521FC5265A50B200A5159C /* ContentView.swift in Sources */,
				2B521FC3265A50B200A5159C /* CounterApp.swift in Sources */,
			);
			runOnlyForDeploymentPostprocessing = 0;
		};
		2B521FCC265A50B200A5159C /* Sources */ = {
			isa = PBXSourcesBuildPhase;
			buildActionMask = 2147483647;
			files = (
				2B521FD5265A50B200A5159C /* CounterTests.swift in Sources */,
			);
			runOnlyForDeploymentPostprocessing = 0;
		};
		2B521FD7265A50B200A5159C /* Sources */ = {
			isa = PBXSourcesBuildPhase;
			buildActionMask = 2147483647;
			files = (
				2B521FE0265A50B200A5159C /* CounterUITests.swift in Sources */,
			);
			runOnlyForDeploymentPostprocessing = 0;
		};
/* End PBXSourcesBuildPhase section */

/* Begin PBXTargetDependency section */
		2B521FD2265A50B200A5159C /* PBXTargetDependency */ = {
			isa = PBXTargetDependency;
			target = 2B521FBE265A50B200A5159C /* Counter */;
			targetProxy = 2B521FD1265A50B200A5159C /* PBXContainerItemProxy */;
		};
		2B521FDD265A50B200A5159C /* PBXTargetDependency */ = {
			isa = PBXTargetDependency;
			target = 2B521FBE265A50B200A5159C /* Counter */;
			targetProxy = 2B521FDC265A50B200A5159C /* PBXContainerItemProxy */;
		};
/* End PBXTargetDependency section */

/* Begin XCBuildConfiguration section */
		2B521FE2265A50B200A5159C /* Debug */ = {
			isa = XCBuildConfiguration;
			buildSettings = {
				ALWAYS_SEARCH_USER_PATHS = NO;
				CLANG_ANALYZER_NONNULL = YES;
				CLANG_ANALYZER_NUMBER_OBJECT_CONVERSION = YES_AGGRESSIVE;
				CLANG_CXX_LANGUAGE_STANDARD = "gnu++14";
				CLANG_CXX_LIBRARY = "libc++";
				CLANG_ENABLE_MODULES = YES;
				CLANG_ENABLE_OBJC_ARC = YES;
				CLANG_ENABLE_OBJC_WEAK = YES;
				CLANG_WARN_BLOCK_CAPTURE_AUTORELEASING = YES;
				CLANG_WARN_BOOL_CONVERSION = YES;
				CLANG_WARN_COMMA = YES;
				CLANG_WARN_CONSTANT_CONVERSION = YES;
				CLANG_WARN_DEPRECATED_OBJC_IMPLEMENTATIONS = YES;
				CLANG_WARN_DIRECT_OBJC_ISA_USAGE = YES_ERROR;
				CLANG_WARN_DOCUMENTATION_COMMENTS = YES;
				CLANG_WARN_EMPTY_BODY = YES;
				CLANG_WARN_ENUM_CONVERSION = YES;
				CLANG_WARN_INFINITE_RECURSION = YES;
				CLANG_WARN_INT_CONVERSION = YES;
				CLANG_WARN_NON_LITERAL_NULL_CONVERSION = YES;
				CLANG_WARN_OBJC_IMPLICIT_RETAIN_SELF = YES;
				CLANG_WARN_OBJC_LITERAL_CONVERSION = YES;
				CLANG_WARN_OBJC_ROOT_CLASS = YES_ERROR;
				CLANG_WARN_QUOTED_INCLUDE_IN_FRAMEWORK_HEADER = YES;
				CLANG_WARN_RANGE_LOOP_ANALYSIS = YES;
				CLANG_WARN_STRICT_PROTOTYPES = YES;
				CLANG_WARN_SUSPICIOUS_MOVE = YES;
				CLANG_WARN_UNGUARDED_AVAILABILITY = YES_AGGRESSIVE;
				CLANG_WARN_UNREACHABLE_CODE = YES;
				CLANG_WARN__DUPLICATE_METHOD_MATCH = YES;
				COPY_PHASE_STRIP = NO;
				DEBUG_INFORMATION_FORMAT = dwarf;
				ENABLE_STRICT_OBJC_MSGSEND = YES;
				ENABLE_TESTABILITY = YES;
				GCC_C_LANGUAGE_STANDARD = gnu11;
				GCC_DYNAMIC_NO_PIC = NO;
				GCC_NO_COMMON_BLOCKS = YES;
				GCC_OPTIMIZATION_LEVEL = 0;
				GCC_PREPROCESSOR_DEFINITIONS = (
					"DEBUG=1",
					"$(inherited)",
				);
				GCC_WARN_64_TO_32_BIT_CONVERSION = YES;
				GCC_WARN_ABOUT_RETURN_TYPE = YES_ERROR;
				GCC_WARN_UNDECLARED_SELECTOR = YES;
				GCC_WARN_UNINITIALIZED_AUTOS = YES_AGGRESSIVE;
				GCC_WARN_UNUSED_FUNCTION = YES;
				GCC_WARN_UNUSED_VARIABLE = YES;
				IPHONEOS_DEPLOYMENT_TARGET = 14.5;
				MTL_ENABLE_DEBUG_INFO = INCLUDE_SOURCE;
				MTL_FAST_MATH = YES;
				ONLY_ACTIVE_ARCH = YES;
				SDKROOT = iphoneos;
				SWIFT_ACTIVE_COMPILATION_CONDITIONS = DEBUG;
				SWIFT_OPTIMIZATION_LEVEL = "-Onone";
			};
			name = Debug;
		};
		2B521FE3265A50B200A5159C /* Release */ = {
			isa = XCBuildConfiguration;
			buildSettings = {
				ALWAYS_SEARCH_USER_PATHS = NO;
				CLANG_ANALYZER_NONNULL = YES;
				CLANG_ANALYZER_NUMBER_OBJECT_CONVERSION = YES_AGGRESSIVE;
				CLANG_CXX_LANGUAGE_STANDARD = "gnu++14";
				CLANG_CXX_LIBRARY = "libc++";
				CLANG_ENABLE_MODULES = YES;
				CLANG_ENABLE_OBJC_ARC = YES;
				CLANG_ENABLE_OBJC_WEAK = YES;
				CLANG_WARN_BLOCK_CAPTURE_AUTORELEASING = YES;
				CLANG_WARN_BOOL_CONVERSION = YES;
				CLANG_WARN_COMMA = YES;
				CLANG_WARN_CONSTANT_CONVERSION = YES;
				CLANG_WARN_DEPRECATED_OBJC_IMPLEMENTATIONS = YES;
				CLANG_WARN_DIRECT_OBJC_ISA_USAGE = YES_ERROR;
				CLANG_WARN_DOCUMENTATION_COMMENTS = YES;
				CLANG_WARN_EMPTY_BODY = YES;
				CLANG_WARN_ENUM_CONVERSION = YES;
				CLANG_WARN_INFINITE_RECURSION = YES;
				CLANG_WARN_INT_CONVERSION = YES;
				CLANG_WARN_NON_LITERAL_NULL_CONVERSION = YES;
				CLANG_WARN_OBJC_IMPLICIT_RETAIN_SELF = YES;
				CLANG_WARN_OBJC_LITERAL_CONVERSION = YES;
				CLANG_WARN_OBJC_ROOT_CLASS = YES_ERROR;
				CLANG_WARN_QUOTED_INCLUDE_IN_FRAMEWORK_HEADER = YES;
				CLANG_WARN_RANGE_LOOP_ANALYSIS = YES;
				CLANG_WARN_STRICT_PROTOTYPES = YES;
				CLANG_WARN_SUSPICIOUS_MOVE = YES;
				CLANG_WARN_UNGUARDED_AVAILABILITY = YES_AGGRESSIVE;
				CLANG_WARN_UNREACHABLE_CODE = YES;
				CLANG_WARN__DUPLICATE_METHOD_MATCH = YES;
				COPY_PHASE_STRIP = NO;
				DEBUG_INFORMATION_FORMAT = "dwarf-with-dsym";
				ENABLE_NS_ASSERTIONS = NO;
				ENABLE_STRICT_OBJC_MSGSEND = YES;
				GCC_C_LANGUAGE_STANDARD = gnu11;
				GCC_NO_COMMON_BLOCKS = YES;
				GCC_WARN_64_TO_32_BIT_CONVERSION = YES;
				GCC_WARN_ABOUT_RETURN_TYPE = YES_ERROR;
				GCC_WARN_UNDECLARED_SELECTOR = YES;
				GCC_WARN_UNINITIALIZED_AUTOS = YES_AGGRESSIVE;
				GCC_WARN_UNUSED_FUNCTION = YES;
				GCC_WARN_UNUSED_VARIABLE = YES;
				IPHONEOS_DEPLOYMENT_TARGET = 14.5;
				MTL_ENABLE_DEBUG_INFO = NO;
				MTL_FAST_MATH = YES;
				SDKROOT = iphoneos;
				SWIFT_COMPILATION_MODE = wholemodule;
				SWIFT_OPTIMIZATION_LEVEL = "-O";
				VALIDATE_PRODUCT = YES;
			};
			name = Release;
		};
		2B521FE5265A50B200A5159C /* Debug */ = {
			isa = XCBuildConfiguration;
			buildSettings = {
				ASSETCATALOG_COMPILER_APPICON_NAME = AppIcon;
				ASSETCATALOG_COMPILER_GLOBAL_ACCENT_COLOR_NAME = AccentColor;
				CODE_SIGN_STYLE = Automatic;
				DEVELOPMENT_ASSET_PATHS = "\"Counter/Preview Content\"";
				DEVELOPMENT_TEAM = PS98BD6732;
				ENABLE_PREVIEWS = YES;
				INFOPLIST_FILE = Counter/Info.plist;
				IPHONEOS_DEPLOYMENT_TARGET = 14.0;
				LD_RUNPATH_SEARCH_PATHS = (
					"$(inherited)",
					"@executable_path/Frameworks",
				);
				PRODUCT_BUNDLE_IDENTIFIER = com.bivre.Counter;
				PRODUCT_NAME = "$(TARGET_NAME)";
				SWIFT_VERSION = 5.0;
				TARGETED_DEVICE_FAMILY = "1,2";
			};
			name = Debug;
		};
		2B521FE6265A50B200A5159C /* Release */ = {
			isa = XCBuildConfiguration;
			buildSettings = {
				ASSETCATALOG_COMPILER_APPICON_NAME = AppIcon;
				ASSETCATALOG_COMPILER_GLOBAL_ACCENT_COLOR_NAME = AccentColor;
				CODE_SIGN_STYLE = Automatic;
				DEVELOPMENT_ASSET_PATHS = "\"Counter/Preview Content\"";
				DEVELOPMENT_TEAM = PS98BD6732;
				ENABLE_PREVIEWS = YES;
				INFOPLIST_FILE = Counter/Info.plist;
				IPHONEOS_DEPLOYMENT_TARGET = 14.0;
				LD_RUNPATH_SEARCH_PATHS = (
					"$(inherited)",
					"@executable_path/Frameworks",
				);
				PRODUCT_BUNDLE_IDENTIFIER = com.bivre.Counter;
				PRODUCT_NAME = "$(TARGET_NAME)";
				SWIFT_VERSION = 5.0;
				TARGETED_DEVICE_FAMILY = "1,2";
			};
			name = Release;
		};
		2B521FE8265A50B200A5159C /* Debug */ = {
			isa = XCBuildConfiguration;
			buildSettings = {
				ALWAYS_EMBED_SWIFT_STANDARD_LIBRARIES = YES;
				BUNDLE_LOADER = "$(TEST_HOST)";
				CODE_SIGN_STYLE = Automatic;
				DEVELOPMENT_TEAM = PS98BD6732;
				INFOPLIST_FILE = CounterTests/Info.plist;
				IPHONEOS_DEPLOYMENT_TARGET = 14.0;
				LD_RUNPATH_SEARCH_PATHS = (
					"$(inherited)",
					"@executable_path/Frameworks",
					"@loader_path/Frameworks",
				);
				PRODUCT_BUNDLE_IDENTIFIER = com.bivre.CounterTests;
				PRODUCT_NAME = "$(TARGET_NAME)";
				SWIFT_VERSION = 5.0;
				TARGETED_DEVICE_FAMILY = "1,2";
				TEST_HOST = "$(BUILT_PRODUCTS_DIR)/Counter.app/Counter";
			};
			name = Debug;
		};
		2B521FE9265A50B200A5159C /* Release */ = {
			isa = XCBuildConfiguration;
			buildSettings = {
				ALWAYS_EMBED_SWIFT_STANDARD_LIBRARIES = YES;
				BUNDLE_LOADER = "$(TEST_HOST)";
				CODE_SIGN_STYLE = Automatic;
				DEVELOPMENT_TEAM = PS98BD6732;
				INFOPLIST_FILE = CounterTests/Info.plist;
				IPHONEOS_DEPLOYMENT_TARGET = 14.0;
				LD_RUNPATH_SEARCH_PATHS = (
					"$(inherited)",
					"@executable_path/Frameworks",
					"@loader_path/Frameworks",
				);
				PRODUCT_BUNDLE_IDENTIFIER = com.bivre.CounterTests;
				PRODUCT_NAME = "$(TARGET_NAME)";
				SWIFT_VERSION = 5.0;
				TARGETED_DEVICE_FAMILY = "1,2";
				TEST_HOST = "$(BUILT_PRODUCTS_DIR)/Counter.app/Counter";
			};
			name = Release;
		};
		2B521FEB265A50B200A5159C /* Debug */ = {
			isa = XCBuildConfiguration;
			buildSettings = {
				ALWAYS_EMBED_SWIFT_STANDARD_LIBRARIES = YES;
				CODE_SIGN_STYLE = Automatic;
				DEVELOPMENT_TEAM = PS98BD6732;
				INFOPLIST_FILE = CounterUITests/Info.plist;
				LD_RUNPATH_SEARCH_PATHS = (
					"$(inherited)",
					"@executable_path/Frameworks",
					"@loader_path/Frameworks",
				);
				PRODUCT_BUNDLE_IDENTIFIER = com.bivre.CounterUITests;
				PRODUCT_NAME = "$(TARGET_NAME)";
				SWIFT_VERSION = 5.0;
				TARGETED_DEVICE_FAMILY = "1,2";
				TEST_TARGET_NAME = Counter;
			};
			name = Debug;
		};
		2B521FEC265A50B200A5159C /* Release */ = {
			isa = XCBuildConfiguration;
			buildSettings = {
				ALWAYS_EMBED_SWIFT_STANDARD_LIBRARIES = YES;
				CODE_SIGN_STYLE = Automatic;
				DEVELOPMENT_TEAM = PS98BD6732;
				INFOPLIST_FILE = CounterUITests/Info.plist;
				LD_RUNPATH_SEARCH_PATHS = (
					"$(inherited)",
					"@executable_path/Frameworks",
					"@loader_path/Frameworks",
				);
				PRODUCT_BUNDLE_IDENTIFIER = com.bivre.CounterUITests;
				PRODUCT_NAME = "$(TARGET_NAME)";
				SWIFT_VERSION = 5.0;
				TARGETED_DEVICE_FAMILY = "1,2";
				TEST_TARGET_NAME = Counter;
			};
			name = Release;
		};
/* End XCBuildConfiguration section */

/* Begin XCConfigurationList section */
		2B521FBA265A50B200A5159C /* Build configuration list for PBXProject "Counter" */ = {
			isa = XCConfigurationList;
			buildConfigurations = (
				2B521FE2265A50B200A5159C /* Debug */,
				2B521FE3265A50B200A5159C /* Release */,
			);
			defaultConfigurationIsVisible = 0;
			defaultConfigurationName = Release;
		};
		2B521FE4265A50B200A5159C /* Build configuration list for PBXNativeTarget "Counter" */ = {
			isa = XCConfigurationList;
			buildConfigurations = (
				2B521FE5265A50B200A5159C /* Debug */,
				2B521FE6265A50B200A5159C /* Release */,
			);
			defaultConfigurationIsVisible = 0;
			defaultConfigurationName = Release;
		};
		2B521FE7265A50B200A5159C /* Build configuration list for PBXNativeTarget "CounterTests" */ = {
			isa = XCConfigurationList;
			buildConfigurations = (
				2B521FE8265A50B200A5159C /* Debug */,
				2B521FE9265A50B200A5159C /* Release */,
			);
			defaultConfigurationIsVisible = 0;
			defaultConfigurationName = Release;
		};
		2B521FEA265A50B200A5159C /* Build configuration list for PBXNativeTarget "CounterUITests" */ = {
			isa = XCConfigurationList;
			buildConfigurations = (
				2B521FEB265A50B200A5159C /* Debug */,
				2B521FEC265A50B200A5159C /* Release */,
			);
			defaultConfigurationIsVisible = 0;
			defaultConfigurationName = Release;
		};
/* End XCConfigurationList section */

/* Begin XCSwiftPackageProductDependency section */
		2B386012265B17AC007D70A5 /* TinyHooks */ = {
			isa = XCSwiftPackageProductDependency;
			productName = TinyHooks;
		};
/* End XCSwiftPackageProductDependency section */
	};
	rootObject = 2B521FB7265A50B200A5159C /* Project object */;
}
